// !$*UTF8*$!
{
	archiveVersion = 1;
	classes = {
	};
	objectVersion = 55;
	objects = {

/* Begin PBXBuildFile section */
		BB035E16274BDB4900C626F2 /* AppDelegate.m in Sources */ = {isa = PBXBuildFile; fileRef = BB035E15274BDB4900C626F2 /* AppDelegate.m */; };
		BB035E1F274BDB4900C626F2 /* Main_iPad.storyboard in Resources */ = {isa = PBXBuildFile; fileRef = BB035E1D274BDB4900C626F2 /* Main_iPad.storyboard */; };
		BB035E21274BDB4A00C626F2 /* Assets.xcassets in Resources */ = {isa = PBXBuildFile; fileRef = BB035E20274BDB4A00C626F2 /* Assets.xcassets */; };
		BB035E24274BDB4A00C626F2 /* LaunchScreen.storyboard in Resources */ = {isa = PBXBuildFile; fileRef = BB035E22274BDB4A00C626F2 /* LaunchScreen.storyboard */; };
		BB035E27274BDB4A00C626F2 /* main.m in Sources */ = {isa = PBXBuildFile; fileRef = BB035E26274BDB4A00C626F2 /* main.m */; };
		BB035E37274BDBB100C626F2 /* TVGuideVC.m in Sources */ = {isa = PBXBuildFile; fileRef = BB035E36274BDBB100C626F2 /* TVGuideVC.m */; };
		BB035E3A274BDBB700C626F2 /* ServicesVC.m in Sources */ = {isa = PBXBuildFile; fileRef = BB035E39274BDBB700C626F2 /* ServicesVC.m */; };
		BB035E3D274BDBC000C626F2 /* InteractiveVC.m in Sources */ = {isa = PBXBuildFile; fileRef = BB035E3C274BDBC000C626F2 /* InteractiveVC.m */; };
		BB035E40274BDBC700C626F2 /* BoxOfficeVC.m in Sources */ = {isa = PBXBuildFile; fileRef = BB035E3F274BDBC700C626F2 /* BoxOfficeVC.m */; };
		BB035E48274BE07100C626F2 /* SDTabbarController.m in Sources */ = {isa = PBXBuildFile; fileRef = BB035E47274BE07100C626F2 /* SDTabbarController.m */; };
		BB035E4D274BE0AE00C626F2 /* MenuTableView.m in Sources */ = {isa = PBXBuildFile; fileRef = BB035E4C274BE0AE00C626F2 /* MenuTableView.m */; };
		BB035E51274BE0BB00C626F2 /* MenuTableViewCell.m in Sources */ = {isa = PBXBuildFile; fileRef = BB035E50274BE0BB00C626F2 /* MenuTableViewCell.m */; };
		BB035E53274BE0C200C626F2 /* MenuTableViewCell.xib in Resources */ = {isa = PBXBuildFile; fileRef = BB035E52274BE0C200C626F2 /* MenuTableViewCell.xib */; };
		BB035E55274BF31A00C626F2 /* Main_iPhone.storyboard in Resources */ = {isa = PBXBuildFile; fileRef = BB035E54274BF31A00C626F2 /* Main_iPhone.storyboard */; };
/* End PBXBuildFile section */

/* Begin PBXFileReference section */
		BB035E11274BDB4900C626F2 /* SkyDigibox.app */ = {isa = PBXFileReference; explicitFileType = wrapper.application; includeInIndex = 0; path = SkyDigibox.app; sourceTree = BUILT_PRODUCTS_DIR; };
		BB035E14274BDB4900C626F2 /* AppDelegate.h */ = {isa = PBXFileReference; lastKnownFileType = sourcecode.c.h; path = AppDelegate.h; sourceTree = "<group>"; };
		BB035E15274BDB4900C626F2 /* AppDelegate.m */ = {isa = PBXFileReference; lastKnownFileType = sourcecode.c.objc; path = AppDelegate.m; sourceTree = "<group>"; };
		BB035E1E274BDB4900C626F2 /* Base */ = {isa = PBXFileReference; lastKnownFileType = file.storyboard; name = Base; path = Base.lproj/Main_iPad.storyboard; sourceTree = "<group>"; };
		BB035E20274BDB4A00C626F2 /* Assets.xcassets */ = {isa = PBXFileReference; lastKnownFileType = folder.assetcatalog; path = Assets.xcassets; sourceTree = "<group>"; };
		BB035E23274BDB4A00C626F2 /* Base */ = {isa = PBXFileReference; lastKnownFileType = file.storyboard; name = Base; path = Base.lproj/LaunchScreen.storyboard; sourceTree = "<group>"; };
		BB035E25274BDB4A00C626F2 /* Info.plist */ = {isa = PBXFileReference; lastKnownFileType = text.plist.xml; path = Info.plist; sourceTree = "<group>"; };
		BB035E26274BDB4A00C626F2 /* main.m */ = {isa = PBXFileReference; lastKnownFileType = sourcecode.c.objc; path = main.m; sourceTree = "<group>"; };
		BB035E35274BDBB100C626F2 /* TVGuideVC.h */ = {isa = PBXFileReference; lastKnownFileType = sourcecode.c.h; path = TVGuideVC.h; sourceTree = "<group>"; };
		BB035E36274BDBB100C626F2 /* TVGuideVC.m */ = {isa = PBXFileReference; lastKnownFileType = sourcecode.c.objc; path = TVGuideVC.m; sourceTree = "<group>"; };
		BB035E38274BDBB700C626F2 /* ServicesVC.h */ = {isa = PBXFileReference; lastKnownFileType = sourcecode.c.h; path = ServicesVC.h; sourceTree = "<group>"; };
		BB035E39274BDBB700C626F2 /* ServicesVC.m */ = {isa = PBXFileReference; lastKnownFileType = sourcecode.c.objc; path = ServicesVC.m; sourceTree = "<group>"; };
		BB035E3B274BDBC000C626F2 /* InteractiveVC.h */ = {isa = PBXFileReference; lastKnownFileType = sourcecode.c.h; path = InteractiveVC.h; sourceTree = "<group>"; };
		BB035E3C274BDBC000C626F2 /* InteractiveVC.m */ = {isa = PBXFileReference; lastKnownFileType = sourcecode.c.objc; path = InteractiveVC.m; sourceTree = "<group>"; };
		BB035E3E274BDBC700C626F2 /* BoxOfficeVC.h */ = {isa = PBXFileReference; lastKnownFileType = sourcecode.c.h; path = BoxOfficeVC.h; sourceTree = "<group>"; };
		BB035E3F274BDBC700C626F2 /* BoxOfficeVC.m */ = {isa = PBXFileReference; lastKnownFileType = sourcecode.c.objc; path = BoxOfficeVC.m; sourceTree = "<group>"; };
		BB035E46274BE07100C626F2 /* SDTabbarController.h */ = {isa = PBXFileReference; lastKnownFileType = sourcecode.c.h; path = SDTabbarController.h; sourceTree = "<group>"; };
		BB035E47274BE07100C626F2 /* SDTabbarController.m */ = {isa = PBXFileReference; lastKnownFileType = sourcecode.c.objc; path = SDTabbarController.m; sourceTree = "<group>"; };
		BB035E4B274BE0AE00C626F2 /* MenuTableView.h */ = {isa = PBXFileReference; lastKnownFileType = sourcecode.c.h; path = MenuTableView.h; sourceTree = "<group>"; };
		BB035E4C274BE0AE00C626F2 /* MenuTableView.m */ = {isa = PBXFileReference; lastKnownFileType = sourcecode.c.objc; path = MenuTableView.m; sourceTree = "<group>"; };
		BB035E4F274BE0BB00C626F2 /* MenuTableViewCell.h */ = {isa = PBXFileReference; lastKnownFileType = sourcecode.c.h; path = MenuTableViewCell.h; sourceTree = "<group>"; };
		BB035E50274BE0BB00C626F2 /* MenuTableViewCell.m */ = {isa = PBXFileReference; lastKnownFileType = sourcecode.c.objc; path = MenuTableViewCell.m; sourceTree = "<group>"; };
		BB035E52274BE0C200C626F2 /* MenuTableViewCell.xib */ = {isa = PBXFileReference; lastKnownFileType = file.xib; path = MenuTableViewCell.xib; sourceTree = "<group>"; };
		BB035E54274BF31A00C626F2 /* Main_iPhone.storyboard */ = {isa = PBXFileReference; lastKnownFileType = file.storyboard; path = Main_iPhone.storyboard; sourceTree = "<group>"; };
/* End PBXFileReference section */

/* Begin PBXFrameworksBuildPhase section */
		BB035E0E274BDB4900C626F2 /* Frameworks */ = {
			isa = PBXFrameworksBuildPhase;
			buildActionMask = 2147483647;
			files = (
			);
			runOnlyForDeploymentPostprocessing = 0;
		};
/* End PBXFrameworksBuildPhase section */

/* Begin PBXGroup section */
		BB035E08274BDB4900C626F2 = {
			isa = PBXGroup;
			children = (
				BB035E13274BDB4900C626F2 /* SkyDigibox */,
				BB035E12274BDB4900C626F2 /* Products */,
			);
			sourceTree = "<group>";
		};
		BB035E12274BDB4900C626F2 /* Products */ = {
			isa = PBXGroup;
			children = (
				BB035E11274BDB4900C626F2 /* SkyDigibox.app */,
			);
			name = Products;
			sourceTree = "<group>";
		};
		BB035E13274BDB4900C626F2 /* SkyDigibox */ = {
			isa = PBXGroup;
			children = (
				BB035E2F274BDB5F00C626F2 /* Classes */,
				BB035E2D274BDB5300C626F2 /* Storyboard */,
				BB035E20274BDB4A00C626F2 /* Assets.xcassets */,
				BB035E25274BDB4A00C626F2 /* Info.plist */,
				BB035E26274BDB4A00C626F2 /* main.m */,
			);
			path = SkyDigibox;
			sourceTree = "<group>";
		};
		BB035E2D274BDB5300C626F2 /* Storyboard */ = {
			isa = PBXGroup;
			children = (
				BB035E22274BDB4A00C626F2 /* LaunchScreen.storyboard */,
				BB035E1D274BDB4900C626F2 /* Main_iPad.storyboard */,
				BB035E54274BF31A00C626F2 /* Main_iPhone.storyboard */,
			);
			path = Storyboard;
			sourceTree = "<group>";
		};
		BB035E2E274BDB5900C626F2 /* AppDelegate */ = {
			isa = PBXGroup;
			children = (
				BB035E14274BDB4900C626F2 /* AppDelegate.h */,
				BB035E15274BDB4900C626F2 /* AppDelegate.m */,
			);
			path = AppDelegate;
			sourceTree = "<group>";
		};
		BB035E2F274BDB5F00C626F2 /* Classes */ = {
			isa = PBXGroup;
			children = (
				BB035E2E274BDB5900C626F2 /* AppDelegate */,
				BB035E30274BDB6200C626F2 /* Controllers */,
				BB035E49274BE09800C626F2 /* Subclasses */,
			);
			path = Classes;
			sourceTree = "<group>";
		};
		BB035E30274BDB6200C626F2 /* Controllers */ = {
			isa = PBXGroup;
			children = (
				BB035E33274BDB9500C626F2 /* BoxOffice */,
				BB035E32274BDB8B00C626F2 /* Interactive */,
				BB035E34274BDB9B00C626F2 /* Services */,
				BB035E45274BE06800C626F2 /* Tabbar */,
				BB035E31274BDB8500C626F2 /* TVGuide */,
			);
			path = Controllers;
			sourceTree = "<group>";
		};
		BB035E31274BDB8500C626F2 /* TVGuide */ = {
			isa = PBXGroup;
			children = (
				BB035E35274BDBB100C626F2 /* TVGuideVC.h */,
				BB035E36274BDBB100C626F2 /* TVGuideVC.m */,
			);
			path = TVGuide;
			sourceTree = "<group>";
		};
		BB035E32274BDB8B00C626F2 /* Interactive */ = {
			isa = PBXGroup;
			children = (
				BB035E3B274BDBC000C626F2 /* InteractiveVC.h */,
				BB035E3C274BDBC000C626F2 /* InteractiveVC.m */,
			);
			path = Interactive;
			sourceTree = "<group>";
		};
		BB035E33274BDB9500C626F2 /* BoxOffice */ = {
			isa = PBXGroup;
			children = (
				BB035E3E274BDBC700C626F2 /* BoxOfficeVC.h */,
				BB035E3F274BDBC700C626F2 /* BoxOfficeVC.m */,
			);
			path = BoxOffice;
			sourceTree = "<group>";
		};
		BB035E34274BDB9B00C626F2 /* Services */ = {
			isa = PBXGroup;
			children = (
				BB035E38274BDBB700C626F2 /* ServicesVC.h */,
				BB035E39274BDBB700C626F2 /* ServicesVC.m */,
			);
			path = Services;
			sourceTree = "<group>";
		};
		BB035E45274BE06800C626F2 /* Tabbar */ = {
			isa = PBXGroup;
			children = (
				BB035E46274BE07100C626F2 /* SDTabbarController.h */,
				BB035E47274BE07100C626F2 /* SDTabbarController.m */,
			);
			path = Tabbar;
			sourceTree = "<group>";
		};
		BB035E49274BE09800C626F2 /* Subclasses */ = {
			isa = PBXGroup;
			children = (
				BB035E4A274BE09D00C626F2 /* UITableView */,
			);
			path = Subclasses;
			sourceTree = "<group>";
		};
		BB035E4A274BE09D00C626F2 /* UITableView */ = {
			isa = PBXGroup;
			children = (
				BB035E4E274BE0B000C626F2 /* Cell */,
				BB035E4B274BE0AE00C626F2 /* MenuTableView.h */,
				BB035E4C274BE0AE00C626F2 /* MenuTableView.m */,
			);
			path = UITableView;
			sourceTree = "<group>";
		};
		BB035E4E274BE0B000C626F2 /* Cell */ = {
			isa = PBXGroup;
			children = (
				BB035E4F274BE0BB00C626F2 /* MenuTableViewCell.h */,
				BB035E50274BE0BB00C626F2 /* MenuTableViewCell.m */,
				BB035E52274BE0C200C626F2 /* MenuTableViewCell.xib */,
			);
			path = Cell;
			sourceTree = "<group>";
		};
/* End PBXGroup section */

/* Begin PBXNativeTarget section */
		BB035E10274BDB4900C626F2 /* SkyDigibox */ = {
			isa = PBXNativeTarget;
			buildConfigurationList = BB035E2A274BDB4A00C626F2 /* Build configuration list for PBXNativeTarget "SkyDigibox" */;
			buildPhases = (
				BB035E0D274BDB4900C626F2 /* Sources */,
				BB035E0E274BDB4900C626F2 /* Frameworks */,
				BB035E0F274BDB4900C626F2 /* Resources */,
			);
			buildRules = (
			);
			dependencies = (
			);
			name = SkyDigibox;
			productName = SkyDigibox;
			productReference = BB035E11274BDB4900C626F2 /* SkyDigibox.app */;
			productType = "com.apple.product-type.application";
		};
/* End PBXNativeTarget section */

/* Begin PBXProject section */
		BB035E09274BDB4900C626F2 /* Project object */ = {
			isa = PBXProject;
			attributes = {
				BuildIndependentTargetsInParallel = 1;
				LastUpgradeCheck = 1310;
				TargetAttributes = {
					BB035E10274BDB4900C626F2 = {
						CreatedOnToolsVersion = 13.1;
					};
				};
			};
			buildConfigurationList = BB035E0C274BDB4900C626F2 /* Build configuration list for PBXProject "SkyDigibox" */;
			compatibilityVersion = "Xcode 13.0";
			developmentRegion = en;
			hasScannedForEncodings = 0;
			knownRegions = (
				en,
				Base,
			);
			mainGroup = BB035E08274BDB4900C626F2;
			productRefGroup = BB035E12274BDB4900C626F2 /* Products */;
			projectDirPath = "";
			projectRoot = "";
			targets = (
				BB035E10274BDB4900C626F2 /* SkyDigibox */,
			);
		};
/* End PBXProject section */

/* Begin PBXResourcesBuildPhase section */
		BB035E0F274BDB4900C626F2 /* Resources */ = {
			isa = PBXResourcesBuildPhase;
			buildActionMask = 2147483647;
			files = (
				BB035E24274BDB4A00C626F2 /* LaunchScreen.storyboard in Resources */,
				BB035E21274BDB4A00C626F2 /* Assets.xcassets in Resources */,
				BB035E55274BF31A00C626F2 /* Main_iPhone.storyboard in Resources */,
				BB035E53274BE0C200C626F2 /* MenuTableViewCell.xib in Resources */,
				BB035E1F274BDB4900C626F2 /* Main_iPad.storyboard in Resources */,
			);
			runOnlyForDeploymentPostprocessing = 0;
		};
/* End PBXResourcesBuildPhase section */

/* Begin PBXSourcesBuildPhase section */
		BB035E0D274BDB4900C626F2 /* Sources */ = {
			isa = PBXSourcesBuildPhase;
			buildActionMask = 2147483647;
			files = (
				BB035E40274BDBC700C626F2 /* BoxOfficeVC.m in Sources */,
				BB035E3A274BDBB700C626F2 /* ServicesVC.m in Sources */,
				BB035E4D274BE0AE00C626F2 /* MenuTableView.m in Sources */,
				BB035E16274BDB4900C626F2 /* AppDelegate.m in Sources */,
				BB035E48274BE07100C626F2 /* SDTabbarController.m in Sources */,
				BB035E37274BDBB100C626F2 /* TVGuideVC.m in Sources */,
				BB035E27274BDB4A00C626F2 /* main.m in Sources */,
				BB035E51274BE0BB00C626F2 /* MenuTableViewCell.m in Sources */,
				BB035E3D274BDBC000C626F2 /* InteractiveVC.m in Sources */,
			);
			runOnlyForDeploymentPostprocessing = 0;
		};
/* End PBXSourcesBuildPhase section */

/* Begin PBXVariantGroup section */
		BB035E1D274BDB4900C626F2 /* Main_iPad.storyboard */ = {
			isa = PBXVariantGroup;
			children = (
				BB035E1E274BDB4900C626F2 /* Base */,
			);
			name = Main_iPad.storyboard;
			sourceTree = "<group>";
		};
		BB035E22274BDB4A00C626F2 /* LaunchScreen.storyboard */ = {
			isa = PBXVariantGroup;
			children = (
				BB035E23274BDB4A00C626F2 /* Base */,
			);
			name = LaunchScreen.storyboard;
			sourceTree = "<group>";
		};
/* End PBXVariantGroup section */

/* Begin XCBuildConfiguration section */
		BB035E28274BDB4A00C626F2 /* Debug */ = {
			isa = XCBuildConfiguration;
			buildSettings = {
				ALWAYS_SEARCH_USER_PATHS = NO;
				CLANG_ANALYZER_NONNULL = YES;
				CLANG_ANALYZER_NUMBER_OBJECT_CONVERSION = YES_AGGRESSIVE;
				CLANG_CXX_LANGUAGE_STANDARD = "gnu++17";
				CLANG_CXX_LIBRARY = "libc++";
				CLANG_ENABLE_MODULES = YES;
				CLANG_ENABLE_OBJC_ARC = YES;
				CLANG_ENABLE_OBJC_WEAK = YES;
				CLANG_WARN_BLOCK_CAPTURE_AUTORELEASING = YES;
				CLANG_WARN_BOOL_CONVERSION = YES;
				CLANG_WARN_COMMA = YES;
				CLANG_WARN_CONSTANT_CONVERSION = YES;
				CLANG_WARN_DEPRECATED_OBJC_IMPLEMENTATIONS = YES;
				CLANG_WARN_DIRECT_OBJC_ISA_USAGE = YES_ERROR;
				CLANG_WARN_DOCUMENTATION_COMMENTS = YES;
				CLANG_WARN_EMPTY_BODY = YES;
				CLANG_WARN_ENUM_CONVERSION = YES;
				CLANG_WARN_INFINITE_RECURSION = YES;
				CLANG_WARN_INT_CONVERSION = YES;
				CLANG_WARN_NON_LITERAL_NULL_CONVERSION = YES;
				CLANG_WARN_OBJC_IMPLICIT_RETAIN_SELF = YES;
				CLANG_WARN_OBJC_LITERAL_CONVERSION = YES;
				CLANG_WARN_OBJC_ROOT_CLASS = YES_ERROR;
				CLANG_WARN_QUOTED_INCLUDE_IN_FRAMEWORK_HEADER = YES;
				CLANG_WARN_RANGE_LOOP_ANALYSIS = YES;
				CLANG_WARN_STRICT_PROTOTYPES = YES;
				CLANG_WARN_SUSPICIOUS_MOVE = YES;
				CLANG_WARN_UNGUARDED_AVAILABILITY = YES_AGGRESSIVE;
				CLANG_WARN_UNREACHABLE_CODE = YES;
				CLANG_WARN__DUPLICATE_METHOD_MATCH = YES;
				COPY_PHASE_STRIP = NO;
				DEBUG_INFORMATION_FORMAT = dwarf;
				ENABLE_STRICT_OBJC_MSGSEND = YES;
				ENABLE_TESTABILITY = YES;
				GCC_C_LANGUAGE_STANDARD = gnu11;
				GCC_DYNAMIC_NO_PIC = NO;
				GCC_NO_COMMON_BLOCKS = YES;
				GCC_OPTIMIZATION_LEVEL = 0;
				GCC_PREPROCESSOR_DEFINITIONS = (
					"DEBUG=1",
					"$(inherited)",
				);
				GCC_WARN_64_TO_32_BIT_CONVERSION = YES;
				GCC_WARN_ABOUT_RETURN_TYPE = YES_ERROR;
				GCC_WARN_UNDECLARED_SELECTOR = YES;
				GCC_WARN_UNINITIALIZED_AUTOS = YES_AGGRESSIVE;
				GCC_WARN_UNUSED_FUNCTION = YES;
				GCC_WARN_UNUSED_VARIABLE = YES;
				IPHONEOS_DEPLOYMENT_TARGET = 15.0;
				MTL_ENABLE_DEBUG_INFO = INCLUDE_SOURCE;
				MTL_FAST_MATH = YES;
				ONLY_ACTIVE_ARCH = YES;
				SDKROOT = iphoneos;
			};
			name = Debug;
		};
		BB035E29274BDB4A00C626F2 /* Release */ = {
			isa = XCBuildConfiguration;
			buildSettings = {
				ALWAYS_SEARCH_USER_PATHS = NO;
				CLANG_ANALYZER_NONNULL = YES;
				CLANG_ANALYZER_NUMBER_OBJECT_CONVERSION = YES_AGGRESSIVE;
				CLANG_CXX_LANGUAGE_STANDARD = "gnu++17";
				CLANG_CXX_LIBRARY = "libc++";
				CLANG_ENABLE_MODULES = YES;
				CLANG_ENABLE_OBJC_ARC = YES;
				CLANG_ENABLE_OBJC_WEAK = YES;
				CLANG_WARN_BLOCK_CAPTURE_AUTORELEASING = YES;
				CLANG_WARN_BOOL_CONVERSION = YES;
				CLANG_WARN_COMMA = YES;
				CLANG_WARN_CONSTANT_CONVERSION = YES;
				CLANG_WARN_DEPRECATED_OBJC_IMPLEMENTATIONS = YES;
				CLANG_WARN_DIRECT_OBJC_ISA_USAGE = YES_ERROR;
				CLANG_WARN_DOCUMENTATION_COMMENTS = YES;
				CLANG_WARN_EMPTY_BODY = YES;
				CLANG_WARN_ENUM_CONVERSION = YES;
				CLANG_WARN_INFINITE_RECURSION = YES;
				CLANG_WARN_INT_CONVERSION = YES;
				CLANG_WARN_NON_LITERAL_NULL_CONVERSION = YES;
				CLANG_WARN_OBJC_IMPLICIT_RETAIN_SELF = YES;
				CLANG_WARN_OBJC_LITERAL_CONVERSION = YES;
				CLANG_WARN_OBJC_ROOT_CLASS = YES_ERROR;
				CLANG_WARN_QUOTED_INCLUDE_IN_FRAMEWORK_HEADER = YES;
				CLANG_WARN_RANGE_LOOP_ANALYSIS = YES;
				CLANG_WARN_STRICT_PROTOTYPES = YES;
				CLANG_WARN_SUSPICIOUS_MOVE = YES;
				CLANG_WARN_UNGUARDED_AVAILABILITY = YES_AGGRESSIVE;
				CLANG_WARN_UNREACHABLE_CODE = YES;
				CLANG_WARN__DUPLICATE_METHOD_MATCH = YES;
				COPY_PHASE_STRIP = NO;
				DEBUG_INFORMATION_FORMAT = "dwarf-with-dsym";
				ENABLE_NS_ASSERTIONS = NO;
				ENABLE_STRICT_OBJC_MSGSEND = YES;
				GCC_C_LANGUAGE_STANDARD = gnu11;
				GCC_NO_COMMON_BLOCKS = YES;
				GCC_WARN_64_TO_32_BIT_CONVERSION = YES;
				GCC_WARN_ABOUT_RETURN_TYPE = YES_ERROR;
				GCC_WARN_UNDECLARED_SELECTOR = YES;
				GCC_WARN_UNINITIALIZED_AUTOS = YES_AGGRESSIVE;
				GCC_WARN_UNUSED_FUNCTION = YES;
				GCC_WARN_UNUSED_VARIABLE = YES;
				IPHONEOS_DEPLOYMENT_TARGET = 15.0;
				MTL_ENABLE_DEBUG_INFO = NO;
				MTL_FAST_MATH = YES;
				SDKROOT = iphoneos;
				VALIDATE_PRODUCT = YES;
			};
			name = Release;
		};
		BB035E2B274BDB4A00C626F2 /* Debug */ = {
			isa = XCBuildConfiguration;
			buildSettings = {
				ASSETCATALOG_COMPILER_APPICON_NAME = AppIcon;
				ASSETCATALOG_COMPILER_GLOBAL_ACCENT_COLOR_NAME = AccentColor;
				CODE_SIGN_STYLE = Automatic;
				CURRENT_PROJECT_VERSION = 1;
				DEVELOPMENT_TEAM = 8734RMR67V;
				GENERATE_INFOPLIST_FILE = YES;
				INFOPLIST_FILE = SkyDigibox/Info.plist;
				INFOPLIST_KEY_UIApplicationSupportsIndirectInputEvents = YES;
				INFOPLIST_KEY_UILaunchStoryboardName = LaunchScreen;
				INFOPLIST_KEY_UIStatusBarHidden = YES;
				INFOPLIST_KEY_UISupportedInterfaceOrientations = "UIInterfaceOrientationLandscapeLeft UIInterfaceOrientationLandscapeRight";
				INFOPLIST_KEY_UISupportedInterfaceOrientations_iPad = "UIInterfaceOrientationPortrait UIInterfaceOrientationPortraitUpsideDown UIInterfaceOrientationLandscapeLeft UIInterfaceOrientationLandscapeRight";
				INFOPLIST_KEY_UISupportedInterfaceOrientations_iPhone = "UIInterfaceOrientationPortrait UIInterfaceOrientationLandscapeLeft UIInterfaceOrientationLandscapeRight";
				LD_RUNPATH_SEARCH_PATHS = (
					"$(inherited)",
					"@executable_path/Frameworks",
				);
				MARKETING_VERSION = 1.0;
				PRODUCT_BUNDLE_IDENTIFIER = com.declanland.SkyDigibox;
				PRODUCT_NAME = "$(TARGET_NAME)";
				SWIFT_EMIT_LOC_STRINGS = YES;
				TARGETED_DEVICE_FAMILY = "1,2";
			};
			name = Debug;
		};
		BB035E2C274BDB4A00C626F2 /* Release */ = {
			isa = XCBuildConfiguration;
			buildSettings = {
				ASSETCATALOG_COMPILER_APPICON_NAME = AppIcon;
				ASSETCATALOG_COMPILER_GLOBAL_ACCENT_COLOR_NAME = AccentColor;
				CODE_SIGN_STYLE = Automatic;
				CURRENT_PROJECT_VERSION = 1;
				DEVELOPMENT_TEAM = 8734RMR67V;
				GENERATE_INFOPLIST_FILE = YES;
				INFOPLIST_FILE = SkyDigibox/Info.plist;
				INFOPLIST_KEY_UIApplicationSupportsIndirectInputEvents = YES;
				INFOPLIST_KEY_UILaunchStoryboardName = LaunchScreen;
				INFOPLIST_KEY_UIStatusBarHidden = YES;
				INFOPLIST_KEY_UISupportedInterfaceOrientations = "UIInterfaceOrientationLandscapeLeft UIInterfaceOrientationLandscapeRight";
				INFOPLIST_KEY_UISupportedInterfaceOrientations_iPad = "UIInterfaceOrientationPortrait UIInterfaceOrientationPortraitUpsideDown UIInterfaceOrientationLandscapeLeft UIInterfaceOrientationLandscapeRight";
				INFOPLIST_KEY_UISupportedInterfaceOrientations_iPhone = "UIInterfaceOrientationPortrait UIInterfaceOrientationLandscapeLeft UIInterfaceOrientationLandscapeRight";
				LD_RUNPATH_SEARCH_PATHS = (
					"$(inherited)",
					"@executable_path/Frameworks",
				);
				MARKETING_VERSION = 1.0;
				PRODUCT_BUNDLE_IDENTIFIER = com.declanland.SkyDigibox;
				PRODUCT_NAME = "$(TARGET_NAME)";
				SWIFT_EMIT_LOC_STRINGS = YES;
				TARGETED_DEVICE_FAMILY = "1,2";
			};
			name = Release;
		};
/* End XCBuildConfiguration section */

/* Begin XCConfigurationList section */
		BB035E0C274BDB4900C626F2 /* Build configuration list for PBXProject "SkyDigibox" */ = {
			isa = XCConfigurationList;
			buildConfigurations = (
				BB035E28274BDB4A00C626F2 /* Debug */,
				BB035E29274BDB4A00C626F2 /* Release */,
			);
			defaultConfigurationIsVisible = 0;
			defaultConfigurationName = Release;
		};
		BB035E2A274BDB4A00C626F2 /* Build configuration list for PBXNativeTarget "SkyDigibox" */ = {
			isa = XCConfigurationList;
			buildConfigurations = (
				BB035E2B274BDB4A00C626F2 /* Debug */,
				BB035E2C274BDB4A00C626F2 /* Release */,
			);
			defaultConfigurationIsVisible = 0;
			defaultConfigurationName = Release;
		};
/* End XCConfigurationList section */
	};
	rootObject = BB035E09274BDB4900C626F2 /* Project object */;
}
